
Microsoft Visual Studio Solution File, Format Version 12.00
# Visual Studio Version 16
VisualStudioVersion = 16.0.29009.5
MinimumVisualStudioVersion = 10.0.40219.1
Project("{FAE04EC0-301F-11D3-BF4B-00C04F79EFBC}") = "SalesCalculator", "SalesCalculator.csproj", "{50B38115-05D3-4979-A4B2-155D5FF5E5A3}"
EndProject
Global
	GlobalSection(SolutionConfigurationPlatforms) = preSolution
		Debug|Any CPU = Debug|Any CPU
		Release|Any CPU = Release|Any CPU
	EndGlobalSection
	GlobalSection(ProjectConfigurationPlatforms) = postSolution
		{50B38115-05D3-4979-A4B2-155D5FF5E5A3}.Debug|Any CPU.ActiveCfg = Debug|Any CPU
		{50B38115-05D3-4979-A4B2-155D5FF5E5A3}.Debug|Any CPU.Build.0 = Debug|Any CPU
		{50B38115-05D3-4979-A4B2-155D5FF5E5A3}.Release|Any CPU.ActiveCfg = Release|Any CPU
		{50B38115-05D3-4979-A4B2-155D5FF5E5A3}.Release|Any CPU.Build.0 = Release|Any CPU
	EndGlobalSection
	GlobalSection(SolutionProperties) = preSolution
		HideSolutionNode = FALSE
	EndGlobalSection
	GlobalSection(ExtensibilityGlobals) = postSolution
		SolutionGuid = {4C52F037-120F-42CE-81EB-6D0BFC423A2B}
	EndGlobalSection
EndGlobal
